
Microsoft Visual Studio Solution File, Format Version 9.00
# Visual Studio 2005
Project("{FAE04EC0-301F-11D3-BF4B-00C04F79EFBC}") = "DepoMobil", "DepoMobil\DepoMobil.csproj", "{B5BEF754-5609-482A-9B4E-2488C2572925}"
EndProject
Global
	GlobalSection(SolutionConfigurationPlatforms) = preSolution
		Debug|Any CPU = Debug|Any CPU
		Release|Any CPU = Release|Any CPU
	EndGlobalSection
	GlobalSection(ProjectConfigurationPlatforms) = postSolution
		{B5BEF754-5609-482A-9B4E-2488C2572925}.Debug|Any CPU.ActiveCfg = Debug|Any CPU
		{B5BEF754-5609-482A-9B4E-2488C2572925}.Debug|Any CPU.Build.0 = Debug|Any CPU
		{B5BEF754-5609-482A-9B4E-2488C2572925}.Debug|Any CPU.Deploy.0 = Debug|Any CPU
		{B5BEF754-5609-482A-9B4E-2488C2572925}.Release|Any CPU.ActiveCfg = Release|Any CPU
		{B5BEF754-5609-482A-9B4E-2488C2572925}.Release|Any CPU.Build.0 = Release|Any CPU
		{B5BEF754-5609-482A-9B4E-2488C2572925}.Release|Any CPU.Deploy.0 = Release|Any CPU
	EndGlobalSection
	GlobalSection(SolutionProperties) = preSolution
		HideSolutionNode = FALSE
	EndGlobalSection
EndGlobal
